
Microsoft Visual Studio Solution File, Format Version 12.00
Project("{FAE04EC0-301F-11D3-BF4B-00C04F79EFBC}") = "CSDLPT_API", "CSDLPT_API\CSDLPT_API.csproj", "{E155BA83-5FB5-40B5-A364-94CB0190EE19}"
EndProject
Global
	GlobalSection(SolutionConfigurationPlatforms) = preSolution
		Debug|Any CPU = Debug|Any CPU
		Release|Any CPU = Release|Any CPU
	EndGlobalSection
	GlobalSection(ProjectConfigurationPlatforms) = postSolution
		{E155BA83-5FB5-40B5-A364-94CB0190EE19}.Debug|Any CPU.ActiveCfg = Debug|Any CPU
		{E155BA83-5FB5-40B5-A364-94CB0190EE19}.Debug|Any CPU.Build.0 = Debug|Any CPU
		{E155BA83-5FB5-40B5-A364-94CB0190EE19}.Release|Any CPU.ActiveCfg = Release|Any CPU
		{E155BA83-5FB5-40B5-A364-94CB0190EE19}.Release|Any CPU.Build.0 = Release|Any CPU
	EndGlobalSection
EndGlobal
